{
  "name": "mono",
  "version": "1.0.0",
  "lockfileVersion": 2,
  "requires": true,
  "packages": {
    "": {
      "name": "mono",
      "version": "1.0.0",
      "license": "ISC",
      "dependencies": {
        "urobo": "^1.1.8"
      }
    },
    "node_modules/urobo": {
      "version": "1.1.8",
      "resolved": "https://registry.npmjs.org/urobo/-/urobo-1.1.8.tgz",
      "integrity": "sha512-WEFpftEjDdR5V379K7YYmiDVFNzcNaKtG7mvd9jYGh5ul62jXOLTvSrlspnN5qHP6c1bJUkDClbDyxl/t8Zydw==",
      "engines": {
        "node": ">=10"
      }
    }
  },
  "dependencies": {
    "urobo": {
      "version": "1.1.8",
      "resolved": "https://registry.npmjs.org/urobo/-/urobo-1.1.8.tgz",
      "integrity": "sha512-WEFpftEjDdR5V379K7YYmiDVFNzcNaKtG7mvd9jYGh5ul62jXOLTvSrlspnN5qHP6c1bJUkDClbDyxl/t8Zydw=="
    }
  }
}
